// !$*UTF8*$!
{
	archiveVersion = 1;
	classes = {
	};
	objectVersion = 45;
	objects = {

/* Begin PBXBuildFile section */
		1D3623260D0F684500981E51 /* BelmontWifiAppDelegate.m in Sources */ = {isa = PBXBuildFile; fileRef = 1D3623250D0F684500981E51 /* BelmontWifiAppDelegate.m */; };
		1D60589B0D05DD56006BFB54 /* main.m in Sources */ = {isa = PBXBuildFile; fileRef = 29B97316FDCFA39411CA2CEA /* main.m */; };
		1D60589F0D05DD5A006BFB54 /* Foundation.framework in Frameworks */ = {isa = PBXBuildFile; fileRef = 1D30AB110D05D00D00671497 /* Foundation.framework */; };
		1DF5F4E00D08C38300B7A737 /* UIKit.framework in Frameworks */ = {isa = PBXBuildFile; fileRef = 1DF5F4DF0D08C38300B7A737 /* UIKit.framework */; };
		249812751142E21D000EABC3 /* CampusNews.png in Resources */ = {isa = PBXBuildFile; fileRef = 2498126F1142E21D000EABC3 /* CampusNews.png */; };
		249812761142E21D000EABC3 /* StudentNews.png in Resources */ = {isa = PBXBuildFile; fileRef = 249812701142E21D000EABC3 /* StudentNews.png */; };
		249812771142E21D000EABC3 /* HeadingImageBG.png in Resources */ = {isa = PBXBuildFile; fileRef = 249812711142E21D000EABC3 /* HeadingImageBG.png */; };
		249812781142E21D000EABC3 /* MainHeadlingBG.png in Resources */ = {isa = PBXBuildFile; fileRef = 249812721142E21D000EABC3 /* MainHeadlingBG.png */; };
		249812791142E21D000EABC3 /* advertisement.png in Resources */ = {isa = PBXBuildFile; fileRef = 249812731142E21D000EABC3 /* advertisement.png */; };
		2498127A1142E21D000EABC3 /* Btn_more.png in Resources */ = {isa = PBXBuildFile; fileRef = 249812741142E21D000EABC3 /* Btn_more.png */; };
		24ECEA071130AB810040FC26 /* tab_img_b.png in Resources */ = {isa = PBXBuildFile; fileRef = 24ECEA061130AB810040FC26 /* tab_img_b.png */; };
		24ECEA411130E1A90040FC26 /* NewsTableViewController.m in Sources */ = {isa = PBXBuildFile; fileRef = 24ECEA3F1130E1A90040FC26 /* NewsTableViewController.m */; };
		24ECEA421130E1A90040FC26 /* NewsTableView.xib in Resources */ = {isa = PBXBuildFile; fileRef = 24ECEA401130E1A90040FC26 /* NewsTableView.xib */; };
		24ECEA491130E4C90040FC26 /* EventsViewController.m in Sources */ = {isa = PBXBuildFile; fileRef = 24ECEA471130E4C90040FC26 /* EventsViewController.m */; };
		24ECEA4A1130E4C90040FC26 /* EventsView.xib in Resources */ = {isa = PBXBuildFile; fileRef = 24ECEA481130E4C90040FC26 /* EventsView.xib */; };
		24ECEA4E1130E4F20040FC26 /* SettingsViewController.m in Sources */ = {isa = PBXBuildFile; fileRef = 24ECEA4C1130E4F20040FC26 /* SettingsViewController.m */; };
		24ECEA4F1130E4F20040FC26 /* SettingsView.xib in Resources */ = {isa = PBXBuildFile; fileRef = 24ECEA4D1130E4F20040FC26 /* SettingsView.xib */; };
		24ECEA551130E9250040FC26 /* tab_img_news.png in Resources */ = {isa = PBXBuildFile; fileRef = 24ECEA541130E9250040FC26 /* tab_img_news.png */; };
		24ECEA591130EDC80040FC26 /* tab_img_events.png in Resources */ = {isa = PBXBuildFile; fileRef = 24ECEA581130EDC80040FC26 /* tab_img_events.png */; };
		24ECEA5B1130F2360040FC26 /* tab_img_settings.png in Resources */ = {isa = PBXBuildFile; fileRef = 24ECEA5A1130F2360040FC26 /* tab_img_settings.png */; };
		28216C970DB411BC00E5133A /* FirstViewController.m in Sources */ = {isa = PBXBuildFile; fileRef = 28216C960DB411BC00E5133A /* FirstViewController.m */; };
		288765080DF74369002DB57D /* CoreGraphics.framework in Frameworks */ = {isa = PBXBuildFile; fileRef = 288765070DF74369002DB57D /* CoreGraphics.framework */; };
		28AD73880D9D96C1002E5188 /* MainWindow.xib in Resources */ = {isa = PBXBuildFile; fileRef = 28AD73870D9D96C1002E5188 /* MainWindow.xib */; };
/* End PBXBuildFile section */

/* Begin PBXFileReference section */
		1D30AB110D05D00D00671497 /* Foundation.framework */ = {isa = PBXFileReference; lastKnownFileType = wrapper.framework; name = Foundation.framework; path = System/Library/Frameworks/Foundation.framework; sourceTree = SDKROOT; };
		1D3623240D0F684500981E51 /* BelmontWifiAppDelegate.h */ = {isa = PBXFileReference; fileEncoding = 4; lastKnownFileType = sourcecode.c.h; path = BelmontWifiAppDelegate.h; sourceTree = "<group>"; };
		1D3623250D0F684500981E51 /* BelmontWifiAppDelegate.m */ = {isa = PBXFileReference; fileEncoding = 4; lastKnownFileType = sourcecode.c.objc; path = BelmontWifiAppDelegate.m; sourceTree = "<group>"; };
		1D6058910D05DD3D006BFB54 /* BelmontWifi.app */ = {isa = PBXFileReference; explicitFileType = wrapper.application; includeInIndex = 0; path = BelmontWifi.app; sourceTree = BUILT_PRODUCTS_DIR; };
		1DF5F4DF0D08C38300B7A737 /* UIKit.framework */ = {isa = PBXFileReference; lastKnownFileType = wrapper.framework; name = UIKit.framework; path = System/Library/Frameworks/UIKit.framework; sourceTree = SDKROOT; };
		2498126F1142E21D000EABC3 /* CampusNews.png */ = {isa = PBXFileReference; lastKnownFileType = image.png; path = CampusNews.png; sourceTree = "<group>"; };
		249812701142E21D000EABC3 /* StudentNews.png */ = {isa = PBXFileReference; lastKnownFileType = image.png; path = StudentNews.png; sourceTree = "<group>"; };
		249812711142E21D000EABC3 /* HeadingImageBG.png */ = {isa = PBXFileReference; lastKnownFileType = image.png; path = HeadingImageBG.png; sourceTree = "<group>"; };
		249812721142E21D000EABC3 /* MainHeadlingBG.png */ = {isa = PBXFileReference; lastKnownFileType = image.png; path = MainHeadlingBG.png; sourceTree = "<group>"; };
		249812731142E21D000EABC3 /* advertisement.png */ = {isa = PBXFileReference; lastKnownFileType = image.png; path = advertisement.png; sourceTree = "<group>"; };
		249812741142E21D000EABC3 /* Btn_more.png */ = {isa = PBXFileReference; lastKnownFileType = image.png; path = Btn_more.png; sourceTree = "<group>"; };
		24ECEA061130AB810040FC26 /* tab_img_b.png */ = {isa = PBXFileReference; lastKnownFileType = image.png; path = tab_img_b.png; sourceTree = "<group>"; };
		24ECEA3E1130E1A90040FC26 /* NewsTableViewController.h */ = {isa = PBXFileReference; fileEncoding = 4; lastKnownFileType = sourcecode.c.h; path = NewsTableViewController.h; sourceTree = "<group>"; };
		24ECEA3F1130E1A90040FC26 /* NewsTableViewController.m */ = {isa = PBXFileReference; fileEncoding = 4; lastKnownFileType = sourcecode.c.objc; path = NewsTableViewController.m; sourceTree = "<group>"; };
		24ECEA401130E1A90040FC26 /* NewsTableView.xib */ = {isa = PBXFileReference; lastKnownFileType = file.xib; path = NewsTableView.xib; sourceTree = "<group>"; };
		24ECEA461130E4C90040FC26 /* EventsViewController.h */ = {isa = PBXFileReference; fileEncoding = 4; lastKnownFileType = sourcecode.c.h; path = EventsViewController.h; sourceTree = "<group>"; };
		24ECEA471130E4C90040FC26 /* EventsViewController.m */ = {isa = PBXFileReference; fileEncoding = 4; lastKnownFileType = sourcecode.c.objc; path = EventsViewController.m; sourceTree = "<group>"; };
		24ECEA481130E4C90040FC26 /* EventsView.xib */ = {isa = PBXFileReference; lastKnownFileType = file.xib; path = EventsView.xib; sourceTree = "<group>"; };
		24ECEA4B1130E4F20040FC26 /* SettingsViewController.h */ = {isa = PBXFileReference; fileEncoding = 4; lastKnownFileType = sourcecode.c.h; path = SettingsViewController.h; sourceTree = "<group>"; };
		24ECEA4C1130E4F20040FC26 /* SettingsViewController.m */ = {isa = PBXFileReference; fileEncoding = 4; lastKnownFileType = sourcecode.c.objc; path = SettingsViewController.m; sourceTree = "<group>"; };
		24ECEA4D1130E4F20040FC26 /* SettingsView.xib */ = {isa = PBXFileReference; lastKnownFileType = file.xib; path = SettingsView.xib; sourceTree = "<group>"; };
		24ECEA541130E9250040FC26 /* tab_img_news.png */ = {isa = PBXFileReference; lastKnownFileType = image.png; path = tab_img_news.png; sourceTree = "<group>"; };
		24ECEA581130EDC80040FC26 /* tab_img_events.png */ = {isa = PBXFileReference; lastKnownFileType = image.png; path = tab_img_events.png; sourceTree = "<group>"; };
		24ECEA5A1130F2360040FC26 /* tab_img_settings.png */ = {isa = PBXFileReference; lastKnownFileType = image.png; path = tab_img_settings.png; sourceTree = "<group>"; };
		28216C950DB411BC00E5133A /* FirstViewController.h */ = {isa = PBXFileReference; fileEncoding = 4; lastKnownFileType = sourcecode.c.h; path = FirstViewController.h; sourceTree = "<group>"; };
		28216C960DB411BC00E5133A /* FirstViewController.m */ = {isa = PBXFileReference; fileEncoding = 4; lastKnownFileType = sourcecode.c.objc; path = FirstViewController.m; sourceTree = "<group>"; };
		288765070DF74369002DB57D /* CoreGraphics.framework */ = {isa = PBXFileReference; lastKnownFileType = wrapper.framework; name = CoreGraphics.framework; path = System/Library/Frameworks/CoreGraphics.framework; sourceTree = SDKROOT; };
		28A0AB4B0D9B1048005BE974 /* BelmontWifi_Prefix.pch */ = {isa = PBXFileReference; fileEncoding = 4; lastKnownFileType = sourcecode.c.h; path = BelmontWifi_Prefix.pch; sourceTree = "<group>"; };
		28AD73870D9D96C1002E5188 /* MainWindow.xib */ = {isa = PBXFileReference; lastKnownFileType = file.xib; path = MainWindow.xib; sourceTree = "<group>"; };
		29B97316FDCFA39411CA2CEA /* main.m */ = {isa = PBXFileReference; fileEncoding = 4; lastKnownFileType = sourcecode.c.objc; path = main.m; sourceTree = "<group>"; };
		8D1107310486CEB800E47090 /* BelmontWifi-Info.plist */ = {isa = PBXFileReference; fileEncoding = 4; lastKnownFileType = text.plist.xml; path = "BelmontWifi-Info.plist"; plistStructureDefinitionIdentifier = "com.apple.xcode.plist.structure-definition.iphone.info-plist"; sourceTree = "<group>"; };
/* End PBXFileReference section */

/* Begin PBXFrameworksBuildPhase section */
		1D60588F0D05DD3D006BFB54 /* Frameworks */ = {
			isa = PBXFrameworksBuildPhase;
			buildActionMask = 2147483647;
			files = (
				1D60589F0D05DD5A006BFB54 /* Foundation.framework in Frameworks */,
				1DF5F4E00D08C38300B7A737 /* UIKit.framework in Frameworks */,
				288765080DF74369002DB57D /* CoreGraphics.framework in Frameworks */,
			);
			runOnlyForDeploymentPostprocessing = 0;
		};
/* End PBXFrameworksBuildPhase section */

/* Begin PBXGroup section */
		080E96DDFE201D6D7F000001 /* Classes */ = {
			isa = PBXGroup;
			children = (
				24ECEA391130E0E90040FC26 /* News */,
				28216C950DB411BC00E5133A /* FirstViewController.h */,
				28216C960DB411BC00E5133A /* FirstViewController.m */,
				1D3623240D0F684500981E51 /* BelmontWifiAppDelegate.h */,
				1D3623250D0F684500981E51 /* BelmontWifiAppDelegate.m */,
				24ECEA3E1130E1A90040FC26 /* NewsTableViewController.h */,
				24ECEA3F1130E1A90040FC26 /* NewsTableViewController.m */,
				24ECEA401130E1A90040FC26 /* NewsTableView.xib */,
				24ECEA461130E4C90040FC26 /* EventsViewController.h */,
				24ECEA471130E4C90040FC26 /* EventsViewController.m */,
				24ECEA481130E4C90040FC26 /* EventsView.xib */,
				24ECEA4B1130E4F20040FC26 /* SettingsViewController.h */,
				24ECEA4C1130E4F20040FC26 /* SettingsViewController.m */,
				24ECEA4D1130E4F20040FC26 /* SettingsView.xib */,
			);
			path = Classes;
			sourceTree = "<group>";
		};
		19C28FACFE9D520D11CA2CBB /* Products */ = {
			isa = PBXGroup;
			children = (
				1D6058910D05DD3D006BFB54 /* BelmontWifi.app */,
			);
			name = Products;
			sourceTree = "<group>";
		};
		24ECEA051130AB810040FC26 /* images */ = {
			isa = PBXGroup;
			children = (
				2498126F1142E21D000EABC3 /* CampusNews.png */,
				249812701142E21D000EABC3 /* StudentNews.png */,
				249812711142E21D000EABC3 /* HeadingImageBG.png */,
				249812721142E21D000EABC3 /* MainHeadlingBG.png */,
				249812731142E21D000EABC3 /* advertisement.png */,
				249812741142E21D000EABC3 /* Btn_more.png */,
				24ECEA5A1130F2360040FC26 /* tab_img_settings.png */,
				24ECEA581130EDC80040FC26 /* tab_img_events.png */,
				24ECEA541130E9250040FC26 /* tab_img_news.png */,
				24ECEA061130AB810040FC26 /* tab_img_b.png */,
			);
			path = images;
			sourceTree = "<group>";
		};
		24ECEA391130E0E90040FC26 /* News */ = {
			isa = PBXGroup;
			children = (
			);
			name = News;
			path = ..;
			sourceTree = "<group>";
		};
		29B97314FDCFA39411CA2CEA /* BelmontWifi */ = {
			isa = PBXGroup;
			children = (
				080E96DDFE201D6D7F000001 /* Classes */,
				29B97315FDCFA39411CA2CEA /* Other Sources */,
				29B97317FDCFA39411CA2CEA /* Resources */,
				29B97323FDCFA39411CA2CEA /* Frameworks */,
				19C28FACFE9D520D11CA2CBB /* Products */,
			);
			name = BelmontWifi;
			sourceTree = "<group>";
		};
		29B97315FDCFA39411CA2CEA /* Other Sources */ = {
			isa = PBXGroup;
			children = (
				28A0AB4B0D9B1048005BE974 /* BelmontWifi_Prefix.pch */,
				29B97316FDCFA39411CA2CEA /* main.m */,
			);
			name = "Other Sources";
			sourceTree = "<group>";
		};
		29B97317FDCFA39411CA2CEA /* Resources */ = {
			isa = PBXGroup;
			children = (
				24ECEA051130AB810040FC26 /* images */,
				28AD73870D9D96C1002E5188 /* MainWindow.xib */,
				8D1107310486CEB800E47090 /* BelmontWifi-Info.plist */,
			);
			name = Resources;
			sourceTree = "<group>";
		};
		29B97323FDCFA39411CA2CEA /* Frameworks */ = {
			isa = PBXGroup;
			children = (
				1DF5F4DF0D08C38300B7A737 /* UIKit.framework */,
				1D30AB110D05D00D00671497 /* Foundation.framework */,
				288765070DF74369002DB57D /* CoreGraphics.framework */,
			);
			name = Frameworks;
			sourceTree = "<group>";
		};
/* End PBXGroup section */

/* Begin PBXNativeTarget section */
		1D6058900D05DD3D006BFB54 /* BelmontWifi */ = {
			isa = PBXNativeTarget;
			buildConfigurationList = 1D6058960D05DD3E006BFB54 /* Build configuration list for PBXNativeTarget "BelmontWifi" */;
			buildPhases = (
				1D60588D0D05DD3D006BFB54 /* Resources */,
				1D60588E0D05DD3D006BFB54 /* Sources */,
				1D60588F0D05DD3D006BFB54 /* Frameworks */,
			);
			buildRules = (
			);
			dependencies = (
			);
			name = BelmontWifi;
			productName = BelmontWifi;
			productReference = 1D6058910D05DD3D006BFB54 /* BelmontWifi.app */;
			productType = "com.apple.product-type.application";
		};
/* End PBXNativeTarget section */

/* Begin PBXProject section */
		29B97313FDCFA39411CA2CEA /* Project object */ = {
			isa = PBXProject;
			buildConfigurationList = C01FCF4E08A954540054247B /* Build configuration list for PBXProject "BelmontWifi" */;
			compatibilityVersion = "Xcode 3.1";
			hasScannedForEncodings = 1;
			mainGroup = 29B97314FDCFA39411CA2CEA /* BelmontWifi */;
			projectDirPath = "";
			projectRoot = "";
			targets = (
				1D6058900D05DD3D006BFB54 /* BelmontWifi */,
			);
		};
/* End PBXProject section */

/* Begin PBXResourcesBuildPhase section */
		1D60588D0D05DD3D006BFB54 /* Resources */ = {
			isa = PBXResourcesBuildPhase;
			buildActionMask = 2147483647;
			files = (
				28AD73880D9D96C1002E5188 /* MainWindow.xib in Resources */,
				24ECEA071130AB810040FC26 /* tab_img_b.png in Resources */,
				24ECEA421130E1A90040FC26 /* NewsTableView.xib in Resources */,
				24ECEA4A1130E4C90040FC26 /* EventsView.xib in Resources */,
				24ECEA4F1130E4F20040FC26 /* SettingsView.xib in Resources */,
				24ECEA551130E9250040FC26 /* tab_img_news.png in Resources */,
				24ECEA591130EDC80040FC26 /* tab_img_events.png in Resources */,
				24ECEA5B1130F2360040FC26 /* tab_img_settings.png in Resources */,
				249812751142E21D000EABC3 /* CampusNews.png in Resources */,
				249812761142E21D000EABC3 /* StudentNews.png in Resources */,
				249812771142E21D000EABC3 /* HeadingImageBG.png in Resources */,
				249812781142E21D000EABC3 /* MainHeadlingBG.png in Resources */,
				249812791142E21D000EABC3 /* advertisement.png in Resources */,
				2498127A1142E21D000EABC3 /* Btn_more.png in Resources */,
			);
			runOnlyForDeploymentPostprocessing = 0;
		};
/* End PBXResourcesBuildPhase section */

/* Begin PBXSourcesBuildPhase section */
		1D60588E0D05DD3D006BFB54 /* Sources */ = {
			isa = PBXSourcesBuildPhase;
			buildActionMask = 2147483647;
			files = (
				1D60589B0D05DD56006BFB54 /* main.m in Sources */,
				1D3623260D0F684500981E51 /* BelmontWifiAppDelegate.m in Sources */,
				28216C970DB411BC00E5133A /* FirstViewController.m in Sources */,
				24ECEA411130E1A90040FC26 /* NewsTableViewController.m in Sources */,
				24ECEA491130E4C90040FC26 /* EventsViewController.m in Sources */,
				24ECEA4E1130E4F20040FC26 /* SettingsViewController.m in Sources */,
			);
			runOnlyForDeploymentPostprocessing = 0;
		};
/* End PBXSourcesBuildPhase section */

/* Begin XCBuildConfiguration section */
		1D6058940D05DD3E006BFB54 /* Debug */ = {
			isa = XCBuildConfiguration;
			buildSettings = {
				ALWAYS_SEARCH_USER_PATHS = NO;
				COPY_PHASE_STRIP = NO;
				GCC_DYNAMIC_NO_PIC = NO;
				GCC_OPTIMIZATION_LEVEL = 0;
				GCC_PRECOMPILE_PREFIX_HEADER = YES;
				GCC_PREFIX_HEADER = BelmontWifi_Prefix.pch;
				INFOPLIST_FILE = "BelmontWifi-Info.plist";
				PRODUCT_NAME = BelmontWifi;
			};
			name = Debug;
		};
		1D6058950D05DD3E006BFB54 /* Release */ = {
			isa = XCBuildConfiguration;
			buildSettings = {
				ALWAYS_SEARCH_USER_PATHS = NO;
				COPY_PHASE_STRIP = YES;
				GCC_PRECOMPILE_PREFIX_HEADER = YES;
				GCC_PREFIX_HEADER = BelmontWifi_Prefix.pch;
				INFOPLIST_FILE = "BelmontWifi-Info.plist";
				PRODUCT_NAME = BelmontWifi;
			};
			name = Release;
		};
		C01FCF4F08A954540054247B /* Debug */ = {
			isa = XCBuildConfiguration;
			buildSettings = {
				ARCHS = "$(ARCHS_STANDARD_32_BIT)";
				"CODE_SIGN_IDENTITY[sdk=iphoneos*]" = "iPhone Developer";
				GCC_C_LANGUAGE_STANDARD = c99;
				GCC_WARN_ABOUT_RETURN_TYPE = YES;
				GCC_WARN_UNUSED_VARIABLE = YES;
				PREBINDING = NO;
				SDKROOT = iphoneos3.1.2;
			};
			name = Debug;
		};
		C01FCF5008A954540054247B /* Release */ = {
			isa = XCBuildConfiguration;
			buildSettings = {
				ARCHS = "$(ARCHS_STANDARD_32_BIT)";
				"CODE_SIGN_IDENTITY[sdk=iphoneos*]" = "iPhone Developer";
				GCC_C_LANGUAGE_STANDARD = c99;
				GCC_WARN_ABOUT_RETURN_TYPE = YES;
				GCC_WARN_UNUSED_VARIABLE = YES;
				PREBINDING = NO;
				SDKROOT = iphoneos3.1.2;
			};
			name = Release;
		};
/* End XCBuildConfiguration section */

/* Begin XCConfigurationList section */
		1D6058960D05DD3E006BFB54 /* Build configuration list for PBXNativeTarget "BelmontWifi" */ = {
			isa = XCConfigurationList;
			buildConfigurations = (
				1D6058940D05DD3E006BFB54 /* Debug */,
				1D6058950D05DD3E006BFB54 /* Release */,
			);
			defaultConfigurationIsVisible = 0;
			defaultConfigurationName = Release;
		};
		C01FCF4E08A954540054247B /* Build configuration list for PBXProject "BelmontWifi" */ = {
			isa = XCConfigurationList;
			buildConfigurations = (
				C01FCF4F08A954540054247B /* Debug */,
				C01FCF5008A954540054247B /* Release */,
			);
			defaultConfigurationIsVisible = 0;
			defaultConfigurationName = Release;
		};
/* End XCConfigurationList section */
	};
	rootObject = 29B97313FDCFA39411CA2CEA /* Project object */;
}
